{
  "name": "clipboard-manager",
  "version": "1.0.0",
  "lockfileVersion": 3,
  "requires": true,
  "packages": {
    "": {
      "name": "clipboard-manager",
      "version": "1.0.0",
      "license": "ISC",
      "dependencies": {
        "clipboard-manager": "file:"
      }
    },
    "node_modules/clipboard-manager": {
      "resolved": "",
      "link": true
    }
  }
}
